// !$*UTF8*$!
{
	archiveVersion = 1;
	classes = {
	};
	objectVersion = 56;
	objects = {

/* Begin PBXBuildFile section */
		852DA1AF295263E6000DBB7A /* Colorful_DonutApp.swift in Sources */ = {isa = PBXBuildFile; fileRef = 852DA1AE295263E6000DBB7A /* Colorful_DonutApp.swift */; };
		852DA1B1295263E6000DBB7A /* ContentView.swift in Sources */ = {isa = PBXBuildFile; fileRef = 852DA1B0295263E6000DBB7A /* ContentView.swift */; };
		852DA1B3295263E8000DBB7A /* Assets.xcassets in Resources */ = {isa = PBXBuildFile; fileRef = 852DA1B2295263E8000DBB7A /* Assets.xcassets */; };
		852DA1B7295263E8000DBB7A /* Preview Assets.xcassets in Resources */ = {isa = PBXBuildFile; fileRef = 852DA1B6295263E8000DBB7A /* Preview Assets.xcassets */; };
		852DA1C1295263E8000DBB7A /* Colorful_DonutTests.swift in Sources */ = {isa = PBXBuildFile; fileRef = 852DA1C0295263E8000DBB7A /* Colorful_DonutTests.swift */; };
		852DA1CB295263E8000DBB7A /* Colorful_DonutUITests.swift in Sources */ = {isa = PBXBuildFile; fileRef = 852DA1CA295263E8000DBB7A /* Colorful_DonutUITests.swift */; };
		852DA1CD295263E8000DBB7A /* Colorful_DonutUITestsLaunchTests.swift in Sources */ = {isa = PBXBuildFile; fileRef = 852DA1CC295263E8000DBB7A /* Colorful_DonutUITestsLaunchTests.swift */; };
/* End PBXBuildFile section */

/* Begin PBXContainerItemProxy section */
		852DA1BD295263E8000DBB7A /* PBXContainerItemProxy */ = {
			isa = PBXContainerItemProxy;
			containerPortal = 852DA1A3295263E6000DBB7A /* Project object */;
			proxyType = 1;
			remoteGlobalIDString = 852DA1AA295263E6000DBB7A;
			remoteInfo = "Colorful Donut";
		};
		852DA1C7295263E8000DBB7A /* PBXContainerItemProxy */ = {
			isa = PBXContainerItemProxy;
			containerPortal = 852DA1A3295263E6000DBB7A /* Project object */;
			proxyType = 1;
			remoteGlobalIDString = 852DA1AA295263E6000DBB7A;
			remoteInfo = "Colorful Donut";
		};
/* End PBXContainerItemProxy section */

/* Begin PBXFileReference section */
		852DA1AB295263E6000DBB7A /* Colorful Donut.app */ = {isa = PBXFileReference; explicitFileType = wrapper.application; includeInIndex = 0; path = "Colorful Donut.app"; sourceTree = BUILT_PRODUCTS_DIR; };
		852DA1AE295263E6000DBB7A /* Colorful_DonutApp.swift */ = {isa = PBXFileReference; lastKnownFileType = sourcecode.swift; path = Colorful_DonutApp.swift; sourceTree = "<group>"; };
		852DA1B0295263E6000DBB7A /* ContentView.swift */ = {isa = PBXFileReference; lastKnownFileType = sourcecode.swift; path = ContentView.swift; sourceTree = "<group>"; };
		852DA1B2295263E8000DBB7A /* Assets.xcassets */ = {isa = PBXFileReference; lastKnownFileType = folder.assetcatalog; path = Assets.xcassets; sourceTree = "<group>"; };
		852DA1B4295263E8000DBB7A /* Colorful_Donut.entitlements */ = {isa = PBXFileReference; lastKnownFileType = text.plist.entitlements; path = Colorful_Donut.entitlements; sourceTree = "<group>"; };
		852DA1B6295263E8000DBB7A /* Preview Assets.xcassets */ = {isa = PBXFileReference; lastKnownFileType = folder.assetcatalog; path = "Preview Assets.xcassets"; sourceTree = "<group>"; };
		852DA1BC295263E8000DBB7A /* Colorful DonutTests.xctest */ = {isa = PBXFileReference; explicitFileType = wrapper.cfbundle; includeInIndex = 0; path = "Colorful DonutTests.xctest"; sourceTree = BUILT_PRODUCTS_DIR; };
		852DA1C0295263E8000DBB7A /* Colorful_DonutTests.swift */ = {isa = PBXFileReference; lastKnownFileType = sourcecode.swift; path = Colorful_DonutTests.swift; sourceTree = "<group>"; };
		852DA1C6295263E8000DBB7A /* Colorful DonutUITests.xctest */ = {isa = PBXFileReference; explicitFileType = wrapper.cfbundle; includeInIndex = 0; path = "Colorful DonutUITests.xctest"; sourceTree = BUILT_PRODUCTS_DIR; };
		852DA1CA295263E8000DBB7A /* Colorful_DonutUITests.swift */ = {isa = PBXFileReference; lastKnownFileType = sourcecode.swift; path = Colorful_DonutUITests.swift; sourceTree = "<group>"; };
		852DA1CC295263E8000DBB7A /* Colorful_DonutUITestsLaunchTests.swift */ = {isa = PBXFileReference; lastKnownFileType = sourcecode.swift; path = Colorful_DonutUITestsLaunchTests.swift; sourceTree = "<group>"; };
/* End PBXFileReference section */

/* Begin PBXFrameworksBuildPhase section */
		852DA1A8295263E6000DBB7A /* Frameworks */ = {
			isa = PBXFrameworksBuildPhase;
			buildActionMask = 2147483647;
			files = (
			);
			runOnlyForDeploymentPostprocessing = 0;
		};
		852DA1B9295263E8000DBB7A /* Frameworks */ = {
			isa = PBXFrameworksBuildPhase;
			buildActionMask = 2147483647;
			files = (
			);
			runOnlyForDeploymentPostprocessing = 0;
		};
		852DA1C3295263E8000DBB7A /* Frameworks */ = {
			isa = PBXFrameworksBuildPhase;
			buildActionMask = 2147483647;
			files = (
			);
			runOnlyForDeploymentPostprocessing = 0;
		};
/* End PBXFrameworksBuildPhase section */

/* Begin PBXGroup section */
		852DA1A2295263E6000DBB7A = {
			isa = PBXGroup;
			children = (
				852DA1AD295263E6000DBB7A /* Colorful Donut */,
				852DA1BF295263E8000DBB7A /* Colorful DonutTests */,
				852DA1C9295263E8000DBB7A /* Colorful DonutUITests */,
				852DA1AC295263E6000DBB7A /* Products */,
			);
			sourceTree = "<group>";
		};
		852DA1AC295263E6000DBB7A /* Products */ = {
			isa = PBXGroup;
			children = (
				852DA1AB295263E6000DBB7A /* Colorful Donut.app */,
				852DA1BC295263E8000DBB7A /* Colorful DonutTests.xctest */,
				852DA1C6295263E8000DBB7A /* Colorful DonutUITests.xctest */,
			);
			name = Products;
			sourceTree = "<group>";
		};
		852DA1AD295263E6000DBB7A /* Colorful Donut */ = {
			isa = PBXGroup;
			children = (
				852DA1AE295263E6000DBB7A /* Colorful_DonutApp.swift */,
				852DA1B0295263E6000DBB7A /* ContentView.swift */,
				852DA1B2295263E8000DBB7A /* Assets.xcassets */,
				852DA1B4295263E8000DBB7A /* Colorful_Donut.entitlements */,
				852DA1B5295263E8000DBB7A /* Preview Content */,
			);
			path = "Colorful Donut";
			sourceTree = "<group>";
		};
		852DA1B5295263E8000DBB7A /* Preview Content */ = {
			isa = PBXGroup;
			children = (
				852DA1B6295263E8000DBB7A /* Preview Assets.xcassets */,
			);
			path = "Preview Content";
			sourceTree = "<group>";
		};
		852DA1BF295263E8000DBB7A /* Colorful DonutTests */ = {
			isa = PBXGroup;
			children = (
				852DA1C0295263E8000DBB7A /* Colorful_DonutTests.swift */,
			);
			path = "Colorful DonutTests";
			sourceTree = "<group>";
		};
		852DA1C9295263E8000DBB7A /* Colorful DonutUITests */ = {
			isa = PBXGroup;
			children = (
				852DA1CA295263E8000DBB7A /* Colorful_DonutUITests.swift */,
				852DA1CC295263E8000DBB7A /* Colorful_DonutUITestsLaunchTests.swift */,
			);
			path = "Colorful DonutUITests";
			sourceTree = "<group>";
		};
/* End PBXGroup section */

/* Begin PBXNativeTarget section */
		852DA1AA295263E6000DBB7A /* Colorful Donut */ = {
			isa = PBXNativeTarget;
			buildConfigurationList = 852DA1D0295263E8000DBB7A /* Build configuration list for PBXNativeTarget "Colorful Donut" */;
			buildPhases = (
				852DA1A7295263E6000DBB7A /* Sources */,
				852DA1A8295263E6000DBB7A /* Frameworks */,
				852DA1A9295263E6000DBB7A /* Resources */,
			);
			buildRules = (
			);
			dependencies = (
			);
			name = "Colorful Donut";
			productName = "Colorful Donut";
			productReference = 852DA1AB295263E6000DBB7A /* Colorful Donut.app */;
			productType = "com.apple.product-type.application";
		};
		852DA1BB295263E8000DBB7A /* Colorful DonutTests */ = {
			isa = PBXNativeTarget;
			buildConfigurationList = 852DA1D3295263E8000DBB7A /* Build configuration list for PBXNativeTarget "Colorful DonutTests" */;
			buildPhases = (
				852DA1B8295263E8000DBB7A /* Sources */,
				852DA1B9295263E8000DBB7A /* Frameworks */,
				852DA1BA295263E8000DBB7A /* Resources */,
			);
			buildRules = (
			);
			dependencies = (
				852DA1BE295263E8000DBB7A /* PBXTargetDependency */,
			);
			name = "Colorful DonutTests";
			productName = "Colorful DonutTests";
			productReference = 852DA1BC295263E8000DBB7A /* Colorful DonutTests.xctest */;
			productType = "com.apple.product-type.bundle.unit-test";
		};
		852DA1C5295263E8000DBB7A /* Colorful DonutUITests */ = {
			isa = PBXNativeTarget;
			buildConfigurationList = 852DA1D6295263E8000DBB7A /* Build configuration list for PBXNativeTarget "Colorful DonutUITests" */;
			buildPhases = (
				852DA1C2295263E8000DBB7A /* Sources */,
				852DA1C3295263E8000DBB7A /* Frameworks */,
				852DA1C4295263E8000DBB7A /* Resources */,
			);
			buildRules = (
			);
			dependencies = (
				852DA1C8295263E8000DBB7A /* PBXTargetDependency */,
			);
			name = "Colorful DonutUITests";
			productName = "Colorful DonutUITests";
			productReference = 852DA1C6295263E8000DBB7A /* Colorful DonutUITests.xctest */;
			productType = "com.apple.product-type.bundle.ui-testing";
		};
/* End PBXNativeTarget section */

/* Begin PBXProject section */
		852DA1A3295263E6000DBB7A /* Project object */ = {
			isa = PBXProject;
			attributes = {
				BuildIndependentTargetsInParallel = 1;
				LastSwiftUpdateCheck = 1420;
				LastUpgradeCheck = 1420;
				TargetAttributes = {
					852DA1AA295263E6000DBB7A = {
						CreatedOnToolsVersion = 14.2;
					};
					852DA1BB295263E8000DBB7A = {
						CreatedOnToolsVersion = 14.2;
						TestTargetID = 852DA1AA295263E6000DBB7A;
					};
					852DA1C5295263E8000DBB7A = {
						CreatedOnToolsVersion = 14.2;
						TestTargetID = 852DA1AA295263E6000DBB7A;
					};
				};
			};
			buildConfigurationList = 852DA1A6295263E6000DBB7A /* Build configuration list for PBXProject "Colorful Donut" */;
			compatibilityVersion = "Xcode 14.0";
			developmentRegion = en;
			hasScannedForEncodings = 0;
			knownRegions = (
				en,
				Base,
			);
			mainGroup = 852DA1A2295263E6000DBB7A;
			productRefGroup = 852DA1AC295263E6000DBB7A /* Products */;
			projectDirPath = "";
			projectRoot = "";
			targets = (
				852DA1AA295263E6000DBB7A /* Colorful Donut */,
				852DA1BB295263E8000DBB7A /* Colorful DonutTests */,
				852DA1C5295263E8000DBB7A /* Colorful DonutUITests */,
			);
		};
/* End PBXProject section */

/* Begin PBXResourcesBuildPhase section */
		852DA1A9295263E6000DBB7A /* Resources */ = {
			isa = PBXResourcesBuildPhase;
			buildActionMask = 2147483647;
			files = (
				852DA1B7295263E8000DBB7A /* Preview Assets.xcassets in Resources */,
				852DA1B3295263E8000DBB7A /* Assets.xcassets in Resources */,
			);
			runOnlyForDeploymentPostprocessing = 0;
		};
		852DA1BA295263E8000DBB7A /* Resources */ = {
			isa = PBXResourcesBuildPhase;
			buildActionMask = 2147483647;
			files = (
			);
			runOnlyForDeploymentPostprocessing = 0;
		};
		852DA1C4295263E8000DBB7A /* Resources */ = {
			isa = PBXResourcesBuildPhase;
			buildActionMask = 2147483647;
			files = (
			);
			runOnlyForDeploymentPostprocessing = 0;
		};
/* End PBXResourcesBuildPhase section */

/* Begin PBXSourcesBuildPhase section */
		852DA1A7295263E6000DBB7A /* Sources */ = {
			isa = PBXSourcesBuildPhase;
			buildActionMask = 2147483647;
			files = (
				852DA1B1295263E6000DBB7A /* ContentView.swift in Sources */,
				852DA1AF295263E6000DBB7A /* Colorful_DonutApp.swift in Sources */,
			);
			runOnlyForDeploymentPostprocessing = 0;
		};
		852DA1B8295263E8000DBB7A /* Sources */ = {
			isa = PBXSourcesBuildPhase;
			buildActionMask = 2147483647;
			files = (
				852DA1C1295263E8000DBB7A /* Colorful_DonutTests.swift in Sources */,
			);
			runOnlyForDeploymentPostprocessing = 0;
		};
		852DA1C2295263E8000DBB7A /* Sources */ = {
			isa = PBXSourcesBuildPhase;
			buildActionMask = 2147483647;
			files = (
				852DA1CB295263E8000DBB7A /* Colorful_DonutUITests.swift in Sources */,
				852DA1CD295263E8000DBB7A /* Colorful_DonutUITestsLaunchTests.swift in Sources */,
			);
			runOnlyForDeploymentPostprocessing = 0;
		};
/* End PBXSourcesBuildPhase section */

/* Begin PBXTargetDependency section */
		852DA1BE295263E8000DBB7A /* PBXTargetDependency */ = {
			isa = PBXTargetDependency;
			target = 852DA1AA295263E6000DBB7A /* Colorful Donut */;
			targetProxy = 852DA1BD295263E8000DBB7A /* PBXContainerItemProxy */;
		};
		852DA1C8295263E8000DBB7A /* PBXTargetDependency */ = {
			isa = PBXTargetDependency;
			target = 852DA1AA295263E6000DBB7A /* Colorful Donut */;
			targetProxy = 852DA1C7295263E8000DBB7A /* PBXContainerItemProxy */;
		};
/* End PBXTargetDependency section */

/* Begin XCBuildConfiguration section */
		852DA1CE295263E8000DBB7A /* Debug */ = {
			isa = XCBuildConfiguration;
			buildSettings = {
				ALWAYS_SEARCH_USER_PATHS = NO;
				CLANG_ANALYZER_NONNULL = YES;
				CLANG_ANALYZER_NUMBER_OBJECT_CONVERSION = YES_AGGRESSIVE;
				CLANG_CXX_LANGUAGE_STANDARD = "gnu++20";
				CLANG_ENABLE_MODULES = YES;
				CLANG_ENABLE_OBJC_ARC = YES;
				CLANG_ENABLE_OBJC_WEAK = YES;
				CLANG_WARN_BLOCK_CAPTURE_AUTORELEASING = YES;
				CLANG_WARN_BOOL_CONVERSION = YES;
				CLANG_WARN_COMMA = YES;
				CLANG_WARN_CONSTANT_CONVERSION = YES;
				CLANG_WARN_DEPRECATED_OBJC_IMPLEMENTATIONS = YES;
				CLANG_WARN_DIRECT_OBJC_ISA_USAGE = YES_ERROR;
				CLANG_WARN_DOCUMENTATION_COMMENTS = YES;
				CLANG_WARN_EMPTY_BODY = YES;
				CLANG_WARN_ENUM_CONVERSION = YES;
				CLANG_WARN_INFINITE_RECURSION = YES;
				CLANG_WARN_INT_CONVERSION = YES;
				CLANG_WARN_NON_LITERAL_NULL_CONVERSION = YES;
				CLANG_WARN_OBJC_IMPLICIT_RETAIN_SELF = YES;
				CLANG_WARN_OBJC_LITERAL_CONVERSION = YES;
				CLANG_WARN_OBJC_ROOT_CLASS = YES_ERROR;
				CLANG_WARN_QUOTED_INCLUDE_IN_FRAMEWORK_HEADER = YES;
				CLANG_WARN_RANGE_LOOP_ANALYSIS = YES;
				CLANG_WARN_STRICT_PROTOTYPES = YES;
				CLANG_WARN_SUSPICIOUS_MOVE = YES;
				CLANG_WARN_UNGUARDED_AVAILABILITY = YES_AGGRESSIVE;
				CLANG_WARN_UNREACHABLE_CODE = YES;
				CLANG_WARN__DUPLICATE_METHOD_MATCH = YES;
				COPY_PHASE_STRIP = NO;
				DEBUG_INFORMATION_FORMAT = dwarf;
				ENABLE_STRICT_OBJC_MSGSEND = YES;
				ENABLE_TESTABILITY = YES;
				GCC_C_LANGUAGE_STANDARD = gnu11;
				GCC_DYNAMIC_NO_PIC = NO;
				GCC_NO_COMMON_BLOCKS = YES;
				GCC_OPTIMIZATION_LEVEL = 0;
				GCC_PREPROCESSOR_DEFINITIONS = (
					"DEBUG=1",
					"$(inherited)",
				);
				GCC_WARN_64_TO_32_BIT_CONVERSION = YES;
				GCC_WARN_ABOUT_RETURN_TYPE = YES_ERROR;
				GCC_WARN_UNDECLARED_SELECTOR = YES;
				GCC_WARN_UNINITIALIZED_AUTOS = YES_AGGRESSIVE;
				GCC_WARN_UNUSED_FUNCTION = YES;
				GCC_WARN_UNUSED_VARIABLE = YES;
				MTL_ENABLE_DEBUG_INFO = INCLUDE_SOURCE;
				MTL_FAST_MATH = YES;
				ONLY_ACTIVE_ARCH = YES;
				SWIFT_ACTIVE_COMPILATION_CONDITIONS = DEBUG;
				SWIFT_OPTIMIZATION_LEVEL = "-Onone";
			};
			name = Debug;
		};
		852DA1CF295263E8000DBB7A /* Release */ = {
			isa = XCBuildConfiguration;
			buildSettings = {
				ALWAYS_SEARCH_USER_PATHS = NO;
				CLANG_ANALYZER_NONNULL = YES;
				CLANG_ANALYZER_NUMBER_OBJECT_CONVERSION = YES_AGGRESSIVE;
				CLANG_CXX_LANGUAGE_STANDARD = "gnu++20";
				CLANG_ENABLE_MODULES = YES;
				CLANG_ENABLE_OBJC_ARC = YES;
				CLANG_ENABLE_OBJC_WEAK = YES;
				CLANG_WARN_BLOCK_CAPTURE_AUTORELEASING = YES;
				CLANG_WARN_BOOL_CONVERSION = YES;
				CLANG_WARN_COMMA = YES;
				CLANG_WARN_CONSTANT_CONVERSION = YES;
				CLANG_WARN_DEPRECATED_OBJC_IMPLEMENTATIONS = YES;
				CLANG_WARN_DIRECT_OBJC_ISA_USAGE = YES_ERROR;
				CLANG_WARN_DOCUMENTATION_COMMENTS = YES;
				CLANG_WARN_EMPTY_BODY = YES;
				CLANG_WARN_ENUM_CONVERSION = YES;
				CLANG_WARN_INFINITE_RECURSION = YES;
				CLANG_WARN_INT_CONVERSION = YES;
				CLANG_WARN_NON_LITERAL_NULL_CONVERSION = YES;
				CLANG_WARN_OBJC_IMPLICIT_RETAIN_SELF = YES;
				CLANG_WARN_OBJC_LITERAL_CONVERSION = YES;
				CLANG_WARN_OBJC_ROOT_CLASS = YES_ERROR;
				CLANG_WARN_QUOTED_INCLUDE_IN_FRAMEWORK_HEADER = YES;
				CLANG_WARN_RANGE_LOOP_ANALYSIS = YES;
				CLANG_WARN_STRICT_PROTOTYPES = YES;
				CLANG_WARN_SUSPICIOUS_MOVE = YES;
				CLANG_WARN_UNGUARDED_AVAILABILITY = YES_AGGRESSIVE;
				CLANG_WARN_UNREACHABLE_CODE = YES;
				CLANG_WARN__DUPLICATE_METHOD_MATCH = YES;
				COPY_PHASE_STRIP = NO;
				DEBUG_INFORMATION_FORMAT = "dwarf-with-dsym";
				ENABLE_NS_ASSERTIONS = NO;
				ENABLE_STRICT_OBJC_MSGSEND = YES;
				GCC_C_LANGUAGE_STANDARD = gnu11;
				GCC_NO_COMMON_BLOCKS = YES;
				GCC_WARN_64_TO_32_BIT_CONVERSION = YES;
				GCC_WARN_ABOUT_RETURN_TYPE = YES_ERROR;
				GCC_WARN_UNDECLARED_SELECTOR = YES;
				GCC_WARN_UNINITIALIZED_AUTOS = YES_AGGRESSIVE;
				GCC_WARN_UNUSED_FUNCTION = YES;
				GCC_WARN_UNUSED_VARIABLE = YES;
				MTL_ENABLE_DEBUG_INFO = NO;
				MTL_FAST_MATH = YES;
				SWIFT_COMPILATION_MODE = wholemodule;
				SWIFT_OPTIMIZATION_LEVEL = "-O";
			};
			name = Release;
		};
		852DA1D1295263E8000DBB7A /* Debug */ = {
			isa = XCBuildConfiguration;
			buildSettings = {
				ASSETCATALOG_COMPILER_APPICON_NAME = AppIcon;
				ASSETCATALOG_COMPILER_GLOBAL_ACCENT_COLOR_NAME = AccentColor;
				CODE_SIGN_ENTITLEMENTS = "Colorful Donut/Colorful_Donut.entitlements";
				CODE_SIGN_STYLE = Automatic;
				CURRENT_PROJECT_VERSION = 1;
				DEVELOPMENT_ASSET_PATHS = "\"Colorful Donut/Preview Content\"";
				ENABLE_PREVIEWS = YES;
				GENERATE_INFOPLIST_FILE = YES;
				"INFOPLIST_KEY_UIApplicationSceneManifest_Generation[sdk=iphoneos*]" = YES;
				"INFOPLIST_KEY_UIApplicationSceneManifest_Generation[sdk=iphonesimulator*]" = YES;
				"INFOPLIST_KEY_UIApplicationSupportsIndirectInputEvents[sdk=iphoneos*]" = YES;
				"INFOPLIST_KEY_UIApplicationSupportsIndirectInputEvents[sdk=iphonesimulator*]" = YES;
				"INFOPLIST_KEY_UILaunchScreen_Generation[sdk=iphoneos*]" = YES;
				"INFOPLIST_KEY_UILaunchScreen_Generation[sdk=iphonesimulator*]" = YES;
				"INFOPLIST_KEY_UIStatusBarStyle[sdk=iphoneos*]" = UIStatusBarStyleDefault;
				"INFOPLIST_KEY_UIStatusBarStyle[sdk=iphonesimulator*]" = UIStatusBarStyleDefault;
				INFOPLIST_KEY_UISupportedInterfaceOrientations_iPad = "UIInterfaceOrientationPortrait UIInterfaceOrientationPortraitUpsideDown UIInterfaceOrientationLandscapeLeft UIInterfaceOrientationLandscapeRight";
				INFOPLIST_KEY_UISupportedInterfaceOrientations_iPhone = "UIInterfaceOrientationPortrait UIInterfaceOrientationLandscapeLeft UIInterfaceOrientationLandscapeRight";
				IPHONEOS_DEPLOYMENT_TARGET = 16.2;
				LD_RUNPATH_SEARCH_PATHS = "@executable_path/Frameworks";
				"LD_RUNPATH_SEARCH_PATHS[sdk=macosx*]" = "@executable_path/../Frameworks";
				MACOSX_DEPLOYMENT_TARGET = 13.1;
				MARKETING_VERSION = 1.0;
				PRODUCT_BUNDLE_IDENTIFIER = "orlandomoraesmartins.Colorful-Donut";
				PRODUCT_NAME = "$(TARGET_NAME)";
				SDKROOT = auto;
				SUPPORTED_PLATFORMS = "iphoneos iphonesimulator macosx";
				SWIFT_EMIT_LOC_STRINGS = YES;
				SWIFT_VERSION = 5.0;
				TARGETED_DEVICE_FAMILY = "1,2";
			};
			name = Debug;
		};
		852DA1D2295263E8000DBB7A /* Release */ = {
			isa = XCBuildConfiguration;
			buildSettings = {
				ASSETCATALOG_COMPILER_APPICON_NAME = AppIcon;
				ASSETCATALOG_COMPILER_GLOBAL_ACCENT_COLOR_NAME = AccentColor;
				CODE_SIGN_ENTITLEMENTS = "Colorful Donut/Colorful_Donut.entitlements";
				CODE_SIGN_STYLE = Automatic;
				CURRENT_PROJECT_VERSION = 1;
				DEVELOPMENT_ASSET_PATHS = "\"Colorful Donut/Preview Content\"";
				ENABLE_PREVIEWS = YES;
				GENERATE_INFOPLIST_FILE = YES;
				"INFOPLIST_KEY_UIApplicationSceneManifest_Generation[sdk=iphoneos*]" = YES;
				"INFOPLIST_KEY_UIApplicationSceneManifest_Generation[sdk=iphonesimulator*]" = YES;
				"INFOPLIST_KEY_UIApplicationSupportsIndirectInputEvents[sdk=iphoneos*]" = YES;
				"INFOPLIST_KEY_UIApplicationSupportsIndirectInputEvents[sdk=iphonesimulator*]" = YES;
				"INFOPLIST_KEY_UILaunchScreen_Generation[sdk=iphoneos*]" = YES;
				"INFOPLIST_KEY_UILaunchScreen_Generation[sdk=iphonesimulator*]" = YES;
				"INFOPLIST_KEY_UIStatusBarStyle[sdk=iphoneos*]" = UIStatusBarStyleDefault;
				"INFOPLIST_KEY_UIStatusBarStyle[sdk=iphonesimulator*]" = UIStatusBarStyleDefault;
				INFOPLIST_KEY_UISupportedInterfaceOrientations_iPad = "UIInterfaceOrientationPortrait UIInterfaceOrientationPortraitUpsideDown UIInterfaceOrientationLandscapeLeft UIInterfaceOrientationLandscapeRight";
				INFOPLIST_KEY_UISupportedInterfaceOrientations_iPhone = "UIInterfaceOrientationPortrait UIInterfaceOrientationLandscapeLeft UIInterfaceOrientationLandscapeRight";
				IPHONEOS_DEPLOYMENT_TARGET = 16.2;
				LD_RUNPATH_SEARCH_PATHS = "@executable_path/Frameworks";
				"LD_RUNPATH_SEARCH_PATHS[sdk=macosx*]" = "@executable_path/../Frameworks";
				MACOSX_DEPLOYMENT_TARGET = 13.1;
				MARKETING_VERSION = 1.0;
				PRODUCT_BUNDLE_IDENTIFIER = "orlandomoraesmartins.Colorful-Donut";
				PRODUCT_NAME = "$(TARGET_NAME)";
				SDKROOT = auto;
				SUPPORTED_PLATFORMS = "iphoneos iphonesimulator macosx";
				SWIFT_EMIT_LOC_STRINGS = YES;
				SWIFT_VERSION = 5.0;
				TARGETED_DEVICE_FAMILY = "1,2";
			};
			name = Release;
		};
		852DA1D4295263E8000DBB7A /* Debug */ = {
			isa = XCBuildConfiguration;
			buildSettings = {
				ALWAYS_EMBED_SWIFT_STANDARD_LIBRARIES = YES;
				BUNDLE_LOADER = "$(TEST_HOST)";
				CODE_SIGN_STYLE = Automatic;
				CURRENT_PROJECT_VERSION = 1;
				GENERATE_INFOPLIST_FILE = YES;
				IPHONEOS_DEPLOYMENT_TARGET = 16.2;
				MACOSX_DEPLOYMENT_TARGET = 13.1;
				MARKETING_VERSION = 1.0;
				PRODUCT_BUNDLE_IDENTIFIER = "orlandomoraesmartins.Colorful-DonutTests";
				PRODUCT_NAME = "$(TARGET_NAME)";
				SDKROOT = auto;
				SUPPORTED_PLATFORMS = "iphoneos iphonesimulator macosx";
				SWIFT_EMIT_LOC_STRINGS = NO;
				SWIFT_VERSION = 5.0;
				TARGETED_DEVICE_FAMILY = "1,2";
				TEST_HOST = "$(BUILT_PRODUCTS_DIR)/Colorful Donut.app/$(BUNDLE_EXECUTABLE_FOLDER_PATH)/Colorful Donut";
			};
			name = Debug;
		};
		852DA1D5295263E8000DBB7A /* Release */ = {
			isa = XCBuildConfiguration;
			buildSettings = {
				ALWAYS_EMBED_SWIFT_STANDARD_LIBRARIES = YES;
				BUNDLE_LOADER = "$(TEST_HOST)";
				CODE_SIGN_STYLE = Automatic;
				CURRENT_PROJECT_VERSION = 1;
				GENERATE_INFOPLIST_FILE = YES;
				IPHONEOS_DEPLOYMENT_TARGET = 16.2;
				MACOSX_DEPLOYMENT_TARGET = 13.1;
				MARKETING_VERSION = 1.0;
				PRODUCT_BUNDLE_IDENTIFIER = "orlandomoraesmartins.Colorful-DonutTests";
				PRODUCT_NAME = "$(TARGET_NAME)";
				SDKROOT = auto;
				SUPPORTED_PLATFORMS = "iphoneos iphonesimulator macosx";
				SWIFT_EMIT_LOC_STRINGS = NO;
				SWIFT_VERSION = 5.0;
				TARGETED_DEVICE_FAMILY = "1,2";
				TEST_HOST = "$(BUILT_PRODUCTS_DIR)/Colorful Donut.app/$(BUNDLE_EXECUTABLE_FOLDER_PATH)/Colorful Donut";
			};
			name = Release;
		};
		852DA1D7295263E8000DBB7A /* Debug */ = {
			isa = XCBuildConfiguration;
			buildSettings = {
				ALWAYS_EMBED_SWIFT_STANDARD_LIBRARIES = YES;
				CODE_SIGN_STYLE = Automatic;
				CURRENT_PROJECT_VERSION = 1;
				GENERATE_INFOPLIST_FILE = YES;
				IPHONEOS_DEPLOYMENT_TARGET = 16.2;
				MACOSX_DEPLOYMENT_TARGET = 13.1;
				MARKETING_VERSION = 1.0;
				PRODUCT_BUNDLE_IDENTIFIER = "orlandomoraesmartins.Colorful-DonutUITests";
				PRODUCT_NAME = "$(TARGET_NAME)";
				SDKROOT = auto;
				SUPPORTED_PLATFORMS = "iphoneos iphonesimulator macosx";
				SWIFT_EMIT_LOC_STRINGS = NO;
				SWIFT_VERSION = 5.0;
				TARGETED_DEVICE_FAMILY = "1,2";
				TEST_TARGET_NAME = "Colorful Donut";
			};
			name = Debug;
		};
		852DA1D8295263E8000DBB7A /* Release */ = {
			isa = XCBuildConfiguration;
			buildSettings = {
				ALWAYS_EMBED_SWIFT_STANDARD_LIBRARIES = YES;
				CODE_SIGN_STYLE = Automatic;
				CURRENT_PROJECT_VERSION = 1;
				GENERATE_INFOPLIST_FILE = YES;
				IPHONEOS_DEPLOYMENT_TARGET = 16.2;
				MACOSX_DEPLOYMENT_TARGET = 13.1;
				MARKETING_VERSION = 1.0;
				PRODUCT_BUNDLE_IDENTIFIER = "orlandomoraesmartins.Colorful-DonutUITests";
				PRODUCT_NAME = "$(TARGET_NAME)";
				SDKROOT = auto;
				SUPPORTED_PLATFORMS = "iphoneos iphonesimulator macosx";
				SWIFT_EMIT_LOC_STRINGS = NO;
				SWIFT_VERSION = 5.0;
				TARGETED_DEVICE_FAMILY = "1,2";
				TEST_TARGET_NAME = "Colorful Donut";
			};
			name = Release;
		};
/* End XCBuildConfiguration section */

/* Begin XCConfigurationList section */
		852DA1A6295263E6000DBB7A /* Build configuration list for PBXProject "Colorful Donut" */ = {
			isa = XCConfigurationList;
			buildConfigurations = (
				852DA1CE295263E8000DBB7A /* Debug */,
				852DA1CF295263E8000DBB7A /* Release */,
			);
			defaultConfigurationIsVisible = 0;
			defaultConfigurationName = Release;
		};
		852DA1D0295263E8000DBB7A /* Build configuration list for PBXNativeTarget "Colorful Donut" */ = {
			isa = XCConfigurationList;
			buildConfigurations = (
				852DA1D1295263E8000DBB7A /* Debug */,
				852DA1D2295263E8000DBB7A /* Release */,
			);
			defaultConfigurationIsVisible = 0;
			defaultConfigurationName = Release;
		};
		852DA1D3295263E8000DBB7A /* Build configuration list for PBXNativeTarget "Colorful DonutTests" */ = {
			isa = XCConfigurationList;
			buildConfigurations = (
				852DA1D4295263E8000DBB7A /* Debug */,
				852DA1D5295263E8000DBB7A /* Release */,
			);
			defaultConfigurationIsVisible = 0;
			defaultConfigurationName = Release;
		};
		852DA1D6295263E8000DBB7A /* Build configuration list for PBXNativeTarget "Colorful DonutUITests" */ = {
			isa = XCConfigurationList;
			buildConfigurations = (
				852DA1D7295263E8000DBB7A /* Debug */,
				852DA1D8295263E8000DBB7A /* Release */,
			);
			defaultConfigurationIsVisible = 0;
			defaultConfigurationName = Release;
		};
/* End XCConfigurationList section */
	};
	rootObject = 852DA1A3295263E6000DBB7A /* Project object */;
}
